// !$*UTF8*$!
{
	archiveVersion = 1;
	classes = {
	};
	objectVersion = 55;
	objects = {

/* Begin PBXBuildFile section */
		BF4D7EEA28CDCFC200B0E311 /* WeatherController + alertController.swift in Sources */ = {isa = PBXBuildFile; fileRef = BF4D7EE928CDCFC200B0E311 /* WeatherController + alertController.swift */; };
		BF4D7EEC28CDE16800B0E311 /* NetworkWeatherManager.swift in Sources */ = {isa = PBXBuildFile; fileRef = BF4D7EEB28CDE16800B0E311 /* NetworkWeatherManager.swift */; };
		BF4D7EEE28CDE24C00B0E311 /* Constants.swift in Sources */ = {isa = PBXBuildFile; fileRef = BF4D7EED28CDE24C00B0E311 /* Constants.swift */; };
		BF4D7EF028CE019F00B0E311 /* CurrentWeatherData.swift in Sources */ = {isa = PBXBuildFile; fileRef = BF4D7EEF28CE019F00B0E311 /* CurrentWeatherData.swift */; };
		BF4D7EF228CE07B000B0E311 /* CurrentWeather.swift in Sources */ = {isa = PBXBuildFile; fileRef = BF4D7EF128CE07B000B0E311 /* CurrentWeather.swift */; };
		BFE2666F28CC8B5E009E200B /* AppDelegate.swift in Sources */ = {isa = PBXBuildFile; fileRef = BFE2666E28CC8B5E009E200B /* AppDelegate.swift */; };
		BFE2667128CC8B5E009E200B /* SceneDelegate.swift in Sources */ = {isa = PBXBuildFile; fileRef = BFE2667028CC8B5E009E200B /* SceneDelegate.swift */; };
		BFE2667328CC8B5E009E200B /* WeatherController.swift in Sources */ = {isa = PBXBuildFile; fileRef = BFE2667228CC8B5E009E200B /* WeatherController.swift */; };
		BFE2667628CC8B5E009E200B /* Main.storyboard in Resources */ = {isa = PBXBuildFile; fileRef = BFE2667428CC8B5E009E200B /* Main.storyboard */; };
		BFE2667828CC8B5F009E200B /* Assets.xcassets in Resources */ = {isa = PBXBuildFile; fileRef = BFE2667728CC8B5F009E200B /* Assets.xcassets */; };
		BFE2667B28CC8B5F009E200B /* LaunchScreen.storyboard in Resources */ = {isa = PBXBuildFile; fileRef = BFE2667928CC8B5F009E200B /* LaunchScreen.storyboard */; };
/* End PBXBuildFile section */

/* Begin PBXFileReference section */
		BF4D7EE928CDCFC200B0E311 /* WeatherController + alertController.swift */ = {isa = PBXFileReference; lastKnownFileType = sourcecode.swift; path = "WeatherController + alertController.swift"; sourceTree = "<group>"; };
		BF4D7EEB28CDE16800B0E311 /* NetworkWeatherManager.swift */ = {isa = PBXFileReference; lastKnownFileType = sourcecode.swift; path = NetworkWeatherManager.swift; sourceTree = "<group>"; };
		BF4D7EED28CDE24C00B0E311 /* Constants.swift */ = {isa = PBXFileReference; lastKnownFileType = sourcecode.swift; path = Constants.swift; sourceTree = "<group>"; };
		BF4D7EEF28CE019F00B0E311 /* CurrentWeatherData.swift */ = {isa = PBXFileReference; lastKnownFileType = sourcecode.swift; path = CurrentWeatherData.swift; sourceTree = "<group>"; };
		BF4D7EF128CE07B000B0E311 /* CurrentWeather.swift */ = {isa = PBXFileReference; lastKnownFileType = sourcecode.swift; path = CurrentWeather.swift; sourceTree = "<group>"; };
		BFE2666B28CC8B5E009E200B /* Weather.app */ = {isa = PBXFileReference; explicitFileType = wrapper.application; includeInIndex = 0; path = Weather.app; sourceTree = BUILT_PRODUCTS_DIR; };
		BFE2666E28CC8B5E009E200B /* AppDelegate.swift */ = {isa = PBXFileReference; lastKnownFileType = sourcecode.swift; path = AppDelegate.swift; sourceTree = "<group>"; };
		BFE2667028CC8B5E009E200B /* SceneDelegate.swift */ = {isa = PBXFileReference; lastKnownFileType = sourcecode.swift; path = SceneDelegate.swift; sourceTree = "<group>"; };
		BFE2667228CC8B5E009E200B /* WeatherController.swift */ = {isa = PBXFileReference; lastKnownFileType = sourcecode.swift; path = WeatherController.swift; sourceTree = "<group>"; };
		BFE2667528CC8B5E009E200B /* Base */ = {isa = PBXFileReference; lastKnownFileType = file.storyboard; name = Base; path = Base.lproj/Main.storyboard; sourceTree = "<group>"; };
		BFE2667728CC8B5F009E200B /* Assets.xcassets */ = {isa = PBXFileReference; lastKnownFileType = folder.assetcatalog; path = Assets.xcassets; sourceTree = "<group>"; };
		BFE2667A28CC8B5F009E200B /* Base */ = {isa = PBXFileReference; lastKnownFileType = file.storyboard; name = Base; path = Base.lproj/LaunchScreen.storyboard; sourceTree = "<group>"; };
		BFE2667C28CC8B5F009E200B /* Info.plist */ = {isa = PBXFileReference; lastKnownFileType = text.plist.xml; path = Info.plist; sourceTree = "<group>"; };
/* End PBXFileReference section */

/* Begin PBXFrameworksBuildPhase section */
		BFE2666828CC8B5E009E200B /* Frameworks */ = {
			isa = PBXFrameworksBuildPhase;
			buildActionMask = 2147483647;
			files = (
			);
			runOnlyForDeploymentPostprocessing = 0;
		};
/* End PBXFrameworksBuildPhase section */

/* Begin PBXGroup section */
		BF4D7EE828CDCF9D00B0E311 /* Extensions */ = {
			isa = PBXGroup;
			children = (
				BF4D7EE928CDCFC200B0E311 /* WeatherController + alertController.swift */,
			);
			path = Extensions;
			sourceTree = "<group>";
		};
		BFE2666228CC8B5E009E200B = {
			isa = PBXGroup;
			children = (
				BFE2666D28CC8B5E009E200B /* Weather */,
				BFE2666C28CC8B5E009E200B /* Products */,
			);
			sourceTree = "<group>";
		};
		BFE2666C28CC8B5E009E200B /* Products */ = {
			isa = PBXGroup;
			children = (
				BFE2666B28CC8B5E009E200B /* Weather.app */,
			);
			name = Products;
			sourceTree = "<group>";
		};
		BFE2666D28CC8B5E009E200B /* Weather */ = {
			isa = PBXGroup;
			children = (
				BF4D7EE828CDCF9D00B0E311 /* Extensions */,
				BFE2668528CC8CA4009E200B /* Resources */,
				BFE2668628CC8CCC009E200B /* Application */,
				BFE2668428CC8C35009E200B /* Controller */,
				BFE2668328CC8C22009E200B /* View */,
				BFE2668228CC8C13009E200B /* Model */,
			);
			path = Weather;
			sourceTree = "<group>";
		};
		BFE2668228CC8C13009E200B /* Model */ = {
			isa = PBXGroup;
			children = (
				BF4D7EEB28CDE16800B0E311 /* NetworkWeatherManager.swift */,
				BF4D7EEF28CE019F00B0E311 /* CurrentWeatherData.swift */,
				BF4D7EF128CE07B000B0E311 /* CurrentWeather.swift */,
			);
			path = Model;
			sourceTree = "<group>";
		};
		BFE2668328CC8C22009E200B /* View */ = {
			isa = PBXGroup;
			children = (
				BFE2667428CC8B5E009E200B /* Main.storyboard */,
			);
			path = View;
			sourceTree = "<group>";
		};
		BFE2668428CC8C35009E200B /* Controller */ = {
			isa = PBXGroup;
			children = (
				BFE2667228CC8B5E009E200B /* WeatherController.swift */,
			);
			path = Controller;
			sourceTree = "<group>";
		};
		BFE2668528CC8CA4009E200B /* Resources */ = {
			isa = PBXGroup;
			children = (
				BFE2667728CC8B5F009E200B /* Assets.xcassets */,
				BFE2667928CC8B5F009E200B /* LaunchScreen.storyboard */,
				BFE2667C28CC8B5F009E200B /* Info.plist */,
				BF4D7EED28CDE24C00B0E311 /* Constants.swift */,
			);
			path = Resources;
			sourceTree = "<group>";
		};
		BFE2668628CC8CCC009E200B /* Application */ = {
			isa = PBXGroup;
			children = (
				BFE2666E28CC8B5E009E200B /* AppDelegate.swift */,
				BFE2667028CC8B5E009E200B /* SceneDelegate.swift */,
			);
			path = Application;
			sourceTree = "<group>";
		};
/* End PBXGroup section */

/* Begin PBXNativeTarget section */
		BFE2666A28CC8B5E009E200B /* Weather */ = {
			isa = PBXNativeTarget;
			buildConfigurationList = BFE2667F28CC8B5F009E200B /* Build configuration list for PBXNativeTarget "Weather" */;
			buildPhases = (
				BFE2666728CC8B5E009E200B /* Sources */,
				BFE2666828CC8B5E009E200B /* Frameworks */,
				BFE2666928CC8B5E009E200B /* Resources */,
			);
			buildRules = (
			);
			dependencies = (
			);
			name = Weather;
			productName = Weather;
			productReference = BFE2666B28CC8B5E009E200B /* Weather.app */;
			productType = "com.apple.product-type.application";
		};
/* End PBXNativeTarget section */

/* Begin PBXProject section */
		BFE2666328CC8B5E009E200B /* Project object */ = {
			isa = PBXProject;
			attributes = {
				BuildIndependentTargetsInParallel = 1;
				LastSwiftUpdateCheck = 1340;
				LastUpgradeCheck = 1340;
				TargetAttributes = {
					BFE2666A28CC8B5E009E200B = {
						CreatedOnToolsVersion = 13.4.1;
					};
				};
			};
			buildConfigurationList = BFE2666628CC8B5E009E200B /* Build configuration list for PBXProject "Weather" */;
			compatibilityVersion = "Xcode 13.0";
			developmentRegion = en;
			hasScannedForEncodings = 0;
			knownRegions = (
				en,
				Base,
			);
			mainGroup = BFE2666228CC8B5E009E200B;
			productRefGroup = BFE2666C28CC8B5E009E200B /* Products */;
			projectDirPath = "";
			projectRoot = "";
			targets = (
				BFE2666A28CC8B5E009E200B /* Weather */,
			);
		};
/* End PBXProject section */

/* Begin PBXResourcesBuildPhase section */
		BFE2666928CC8B5E009E200B /* Resources */ = {
			isa = PBXResourcesBuildPhase;
			buildActionMask = 2147483647;
			files = (
				BFE2667B28CC8B5F009E200B /* LaunchScreen.storyboard in Resources */,
				BFE2667828CC8B5F009E200B /* Assets.xcassets in Resources */,
				BFE2667628CC8B5E009E200B /* Main.storyboard in Resources */,
			);
			runOnlyForDeploymentPostprocessing = 0;
		};
/* End PBXResourcesBuildPhase section */

/* Begin PBXSourcesBuildPhase section */
		BFE2666728CC8B5E009E200B /* Sources */ = {
			isa = PBXSourcesBuildPhase;
			buildActionMask = 2147483647;
			files = (
				BFE2667328CC8B5E009E200B /* WeatherController.swift in Sources */,
				BFE2666F28CC8B5E009E200B /* AppDelegate.swift in Sources */,
				BF4D7EF228CE07B000B0E311 /* CurrentWeather.swift in Sources */,
				BFE2667128CC8B5E009E200B /* SceneDelegate.swift in Sources */,
				BF4D7EEA28CDCFC200B0E311 /* WeatherController + alertController.swift in Sources */,
				BF4D7EEC28CDE16800B0E311 /* NetworkWeatherManager.swift in Sources */,
				BF4D7EF028CE019F00B0E311 /* CurrentWeatherData.swift in Sources */,
				BF4D7EEE28CDE24C00B0E311 /* Constants.swift in Sources */,
			);
			runOnlyForDeploymentPostprocessing = 0;
		};
/* End PBXSourcesBuildPhase section */

/* Begin PBXVariantGroup section */
		BFE2667428CC8B5E009E200B /* Main.storyboard */ = {
			isa = PBXVariantGroup;
			children = (
				BFE2667528CC8B5E009E200B /* Base */,
			);
			name = Main.storyboard;
			sourceTree = "<group>";
		};
		BFE2667928CC8B5F009E200B /* LaunchScreen.storyboard */ = {
			isa = PBXVariantGroup;
			children = (
				BFE2667A28CC8B5F009E200B /* Base */,
			);
			name = LaunchScreen.storyboard;
			sourceTree = "<group>";
		};
/* End PBXVariantGroup section */

/* Begin XCBuildConfiguration section */
		BFE2667D28CC8B5F009E200B /* Debug */ = {
			isa = XCBuildConfiguration;
			buildSettings = {
				ALWAYS_SEARCH_USER_PATHS = NO;
				CLANG_ANALYZER_NONNULL = YES;
				CLANG_ANALYZER_NUMBER_OBJECT_CONVERSION = YES_AGGRESSIVE;
				CLANG_CXX_LANGUAGE_STANDARD = "gnu++17";
				CLANG_ENABLE_MODULES = YES;
				CLANG_ENABLE_OBJC_ARC = YES;
				CLANG_ENABLE_OBJC_WEAK = YES;
				CLANG_WARN_BLOCK_CAPTURE_AUTORELEASING = YES;
				CLANG_WARN_BOOL_CONVERSION = YES;
				CLANG_WARN_COMMA = YES;
				CLANG_WARN_CONSTANT_CONVERSION = YES;
				CLANG_WARN_DEPRECATED_OBJC_IMPLEMENTATIONS = YES;
				CLANG_WARN_DIRECT_OBJC_ISA_USAGE = YES_ERROR;
				CLANG_WARN_DOCUMENTATION_COMMENTS = YES;
				CLANG_WARN_EMPTY_BODY = YES;
				CLANG_WARN_ENUM_CONVERSION = YES;
				CLANG_WARN_INFINITE_RECURSION = YES;
				CLANG_WARN_INT_CONVERSION = YES;
				CLANG_WARN_NON_LITERAL_NULL_CONVERSION = YES;
				CLANG_WARN_OBJC_IMPLICIT_RETAIN_SELF = YES;
				CLANG_WARN_OBJC_LITERAL_CONVERSION = YES;
				CLANG_WARN_OBJC_ROOT_CLASS = YES_ERROR;
				CLANG_WARN_QUOTED_INCLUDE_IN_FRAMEWORK_HEADER = YES;
				CLANG_WARN_RANGE_LOOP_ANALYSIS = YES;
				CLANG_WARN_STRICT_PROTOTYPES = YES;
				CLANG_WARN_SUSPICIOUS_MOVE = YES;
				CLANG_WARN_UNGUARDED_AVAILABILITY = YES_AGGRESSIVE;
				CLANG_WARN_UNREACHABLE_CODE = YES;
				CLANG_WARN__DUPLICATE_METHOD_MATCH = YES;
				COPY_PHASE_STRIP = NO;
				DEBUG_INFORMATION_FORMAT = dwarf;
				ENABLE_STRICT_OBJC_MSGSEND = YES;
				ENABLE_TESTABILITY = YES;
				GCC_C_LANGUAGE_STANDARD = gnu11;
				GCC_DYNAMIC_NO_PIC = NO;
				GCC_NO_COMMON_BLOCKS = YES;
				GCC_OPTIMIZATION_LEVEL = 0;
				GCC_PREPROCESSOR_DEFINITIONS = (
					"DEBUG=1",
					"$(inherited)",
				);
				GCC_WARN_64_TO_32_BIT_CONVERSION = YES;
				GCC_WARN_ABOUT_RETURN_TYPE = YES_ERROR;
				GCC_WARN_UNDECLARED_SELECTOR = YES;
				GCC_WARN_UNINITIALIZED_AUTOS = YES_AGGRESSIVE;
				GCC_WARN_UNUSED_FUNCTION = YES;
				GCC_WARN_UNUSED_VARIABLE = YES;
				IPHONEOS_DEPLOYMENT_TARGET = 15.5;
				MTL_ENABLE_DEBUG_INFO = INCLUDE_SOURCE;
				MTL_FAST_MATH = YES;
				ONLY_ACTIVE_ARCH = YES;
				SDKROOT = iphoneos;
				SWIFT_ACTIVE_COMPILATION_CONDITIONS = DEBUG;
				SWIFT_OPTIMIZATION_LEVEL = "-Onone";
			};
			name = Debug;
		};
		BFE2667E28CC8B5F009E200B /* Release */ = {
			isa = XCBuildConfiguration;
			buildSettings = {
				ALWAYS_SEARCH_USER_PATHS = NO;
				CLANG_ANALYZER_NONNULL = YES;
				CLANG_ANALYZER_NUMBER_OBJECT_CONVERSION = YES_AGGRESSIVE;
				CLANG_CXX_LANGUAGE_STANDARD = "gnu++17";
				CLANG_ENABLE_MODULES = YES;
				CLANG_ENABLE_OBJC_ARC = YES;
				CLANG_ENABLE_OBJC_WEAK = YES;
				CLANG_WARN_BLOCK_CAPTURE_AUTORELEASING = YES;
				CLANG_WARN_BOOL_CONVERSION = YES;
				CLANG_WARN_COMMA = YES;
				CLANG_WARN_CONSTANT_CONVERSION = YES;
				CLANG_WARN_DEPRECATED_OBJC_IMPLEMENTATIONS = YES;
				CLANG_WARN_DIRECT_OBJC_ISA_USAGE = YES_ERROR;
				CLANG_WARN_DOCUMENTATION_COMMENTS = YES;
				CLANG_WARN_EMPTY_BODY = YES;
				CLANG_WARN_ENUM_CONVERSION = YES;
				CLANG_WARN_INFINITE_RECURSION = YES;
				CLANG_WARN_INT_CONVERSION = YES;
				CLANG_WARN_NON_LITERAL_NULL_CONVERSION = YES;
				CLANG_WARN_OBJC_IMPLICIT_RETAIN_SELF = YES;
				CLANG_WARN_OBJC_LITERAL_CONVERSION = YES;
				CLANG_WARN_OBJC_ROOT_CLASS = YES_ERROR;
				CLANG_WARN_QUOTED_INCLUDE_IN_FRAMEWORK_HEADER = YES;
				CLANG_WARN_RANGE_LOOP_ANALYSIS = YES;
				CLANG_WARN_STRICT_PROTOTYPES = YES;
				CLANG_WARN_SUSPICIOUS_MOVE = YES;
				CLANG_WARN_UNGUARDED_AVAILABILITY = YES_AGGRESSIVE;
				CLANG_WARN_UNREACHABLE_CODE = YES;
				CLANG_WARN__DUPLICATE_METHOD_MATCH = YES;
				COPY_PHASE_STRIP = NO;
				DEBUG_INFORMATION_FORMAT = "dwarf-with-dsym";
				ENABLE_NS_ASSERTIONS = NO;
				ENABLE_STRICT_OBJC_MSGSEND = YES;
				GCC_C_LANGUAGE_STANDARD = gnu11;
				GCC_NO_COMMON_BLOCKS = YES;
				GCC_WARN_64_TO_32_BIT_CONVERSION = YES;
				GCC_WARN_ABOUT_RETURN_TYPE = YES_ERROR;
				GCC_WARN_UNDECLARED_SELECTOR = YES;
				GCC_WARN_UNINITIALIZED_AUTOS = YES_AGGRESSIVE;
				GCC_WARN_UNUSED_FUNCTION = YES;
				GCC_WARN_UNUSED_VARIABLE = YES;
				IPHONEOS_DEPLOYMENT_TARGET = 15.5;
				MTL_ENABLE_DEBUG_INFO = NO;
				MTL_FAST_MATH = YES;
				SDKROOT = iphoneos;
				SWIFT_COMPILATION_MODE = wholemodule;
				SWIFT_OPTIMIZATION_LEVEL = "-O";
				VALIDATE_PRODUCT = YES;
			};
			name = Release;
		};
		BFE2668028CC8B5F009E200B /* Debug */ = {
			isa = XCBuildConfiguration;
			buildSettings = {
				ASSETCATALOG_COMPILER_APPICON_NAME = AppIcon;
				ASSETCATALOG_COMPILER_GLOBAL_ACCENT_COLOR_NAME = AccentColor;
				CODE_SIGN_STYLE = Automatic;
				CURRENT_PROJECT_VERSION = 1;
				DEVELOPMENT_TEAM = Z4DAU59V98;
				GENERATE_INFOPLIST_FILE = YES;
				INFOPLIST_FILE = Weather/Resources/Info.plist;
				INFOPLIST_KEY_UIApplicationSupportsIndirectInputEvents = YES;
				INFOPLIST_KEY_UILaunchStoryboardName = LaunchScreen;
				INFOPLIST_KEY_UIMainStoryboardFile = Main;
				INFOPLIST_KEY_UISupportedInterfaceOrientations_iPad = "UIInterfaceOrientationPortrait UIInterfaceOrientationPortraitUpsideDown UIInterfaceOrientationLandscapeLeft UIInterfaceOrientationLandscapeRight";
				INFOPLIST_KEY_UISupportedInterfaceOrientations_iPhone = "UIInterfaceOrientationPortrait UIInterfaceOrientationLandscapeLeft UIInterfaceOrientationLandscapeRight";
				LD_RUNPATH_SEARCH_PATHS = (
					"$(inherited)",
					"@executable_path/Frameworks",
				);
				MARKETING_VERSION = 1.0;
				PRODUCT_BUNDLE_IDENTIFIER = ua.advanc3d.Weather;
				PRODUCT_NAME = "$(TARGET_NAME)";
				SWIFT_EMIT_LOC_STRINGS = YES;
				SWIFT_VERSION = 5.0;
				TARGETED_DEVICE_FAMILY = "1,2";
			};
			name = Debug;
		};
		BFE2668128CC8B5F009E200B /* Release */ = {
			isa = XCBuildConfiguration;
			buildSettings = {
				ASSETCATALOG_COMPILER_APPICON_NAME = AppIcon;
				ASSETCATALOG_COMPILER_GLOBAL_ACCENT_COLOR_NAME = AccentColor;
				CODE_SIGN_STYLE = Automatic;
				CURRENT_PROJECT_VERSION = 1;
				DEVELOPMENT_TEAM = Z4DAU59V98;
				GENERATE_INFOPLIST_FILE = YES;
				INFOPLIST_FILE = Weather/Resources/Info.plist;
				INFOPLIST_KEY_UIApplicationSupportsIndirectInputEvents = YES;
				INFOPLIST_KEY_UILaunchStoryboardName = LaunchScreen;
				INFOPLIST_KEY_UIMainStoryboardFile = Main;
				INFOPLIST_KEY_UISupportedInterfaceOrientations_iPad = "UIInterfaceOrientationPortrait UIInterfaceOrientationPortraitUpsideDown UIInterfaceOrientationLandscapeLeft UIInterfaceOrientationLandscapeRight";
				INFOPLIST_KEY_UISupportedInterfaceOrientations_iPhone = "UIInterfaceOrientationPortrait UIInterfaceOrientationLandscapeLeft UIInterfaceOrientationLandscapeRight";
				LD_RUNPATH_SEARCH_PATHS = (
					"$(inherited)",
					"@executable_path/Frameworks",
				);
				MARKETING_VERSION = 1.0;
				PRODUCT_BUNDLE_IDENTIFIER = ua.advanc3d.Weather;
				PRODUCT_NAME = "$(TARGET_NAME)";
				SWIFT_EMIT_LOC_STRINGS = YES;
				SWIFT_VERSION = 5.0;
				TARGETED_DEVICE_FAMILY = "1,2";
			};
			name = Release;
		};
/* End XCBuildConfiguration section */

/* Begin XCConfigurationList section */
		BFE2666628CC8B5E009E200B /* Build configuration list for PBXProject "Weather" */ = {
			isa = XCConfigurationList;
			buildConfigurations = (
				BFE2667D28CC8B5F009E200B /* Debug */,
				BFE2667E28CC8B5F009E200B /* Release */,
			);
			defaultConfigurationIsVisible = 0;
			defaultConfigurationName = Release;
		};
		BFE2667F28CC8B5F009E200B /* Build configuration list for PBXNativeTarget "Weather" */ = {
			isa = XCConfigurationList;
			buildConfigurations = (
				BFE2668028CC8B5F009E200B /* Debug */,
				BFE2668128CC8B5F009E200B /* Release */,
			);
			defaultConfigurationIsVisible = 0;
			defaultConfigurationName = Release;
		};
/* End XCConfigurationList section */
	};
	rootObject = BFE2666328CC8B5E009E200B /* Project object */;
}
